<?xml version="1.0" encoding="utf-8"?>
<Project ToolsVersion="4.0" xmlns="http://schemas.microsoft.com/developer/msbuild/2003">
  <ItemGroup>
    <Filter Include="Source Files">
      <UniqueIdentifier>{4FC737F1-C7A5-4376-A066-2A32D752A2FF}</UniqueIdentifier>
      <Extensions>cpp;c;cc;cxx;def;odl;idl;hpj;bat;asm;asmx</Extensions>
    </Filter>
    <Filter Include="Header Files">
      <UniqueIdentifier>{93995380-89BD-4b04-88EB-625FBE52EBFB}</UniqueIdentifier>
      <Extensions>h;hh;hpp;hxx;hm;inl;inc;xsd</Extensions>
    </Filter>
    <Filter Include="Resource Files">
      <UniqueIdentifier>{67DA6AB6-F800-4c08-8B7A-83BB121AAD01}</UniqueIdentifier>
      <Extensions>rc;ico;cur;bmp;dlg;rc2;rct;bin;rgs;gif;jpg;jpeg;jpe;resx;tiff;tif;png;wav;mfcribbon-ms</Extensions>
    </Filter>
  </ItemGroup>
  <ItemGroup>
    <Text Include="ReadMe.txt" />
  </ItemGroup>
  <ItemGroup>
    <ClInclude Include="MFCSample.h">
      <Filter>Header Files</Filter>
    </ClInclude>
    <ClInclude Include="stdafx.h">
      <Filter>Header Files</Filter>
    </ClInclude>
    <ClInclude Include="targetver.h">
      <Filter>Header Files</Filter>
    </ClInclude>
    <ClInclude Include="Resource.h">
      <Filter>Header Files</Filter>
    </ClInclude>
    <ClInclude Include="CLOGIN.h">
      <Filter>Header Files</Filter>
    </ClInclude>
    <ClInclude Include="CDBAccess.h">
      <Filter>Header Files</Filter>
    </ClInclude>
    <ClInclude Include="CMainWindow.h">
      <Filter>Header Files</Filter>
    </ClInclude>
    <ClInclude Include="CUserWindow.h">
      <Filter>Header Files</Filter>
    </ClInclude>
    <ClInclude Include="CUserData.h">
      <Filter>Header Files</Filter>
    </ClInclude>
    <ClInclude Include="CCmpWindow.h">
      <Filter>Header Files</Filter>
    </ClInclude>
    <ClInclude Include="CSkillWindow.h">
      <Filter>Header Files</Filter>
    </ClInclude>
    <ClInclude Include="CAnkenRegistWindow.h">
      <Filter>Header Files</Filter>
    </ClInclude>
    <ClInclude Include="CAnkenListWindow.h">
      <Filter>Header Files</Filter>
    </ClInclude>
    <ClInclude Include="CAnkenReadWindow.h">
      <Filter>Header Files</Filter>
    </ClInclude>
    <ClInclude Include="CProjectSearchData.h">
      <Filter>Header Files</Filter>
    </ClInclude>
    <ClInclude Include="CProjectData.h">
      <Filter>Header Files</Filter>
    </ClInclude>
    <ClInclude Include="CAnkenDetailWindow.h">
      <Filter>Header Files</Filter>
    </ClInclude>
    <ClInclude Include="CCmpData.h">
      <Filter>Header Files</Filter>
    </ClInclude>
    <ClInclude Include="CSkillData.h">
      <Filter>Header Files</Filter>
    </ClInclude>
    <ClInclude Include="CSkillSelectWindow.h">
      <Filter>Header Files</Filter>
    </ClInclude>
    <ClInclude Include="CAnkenSearchWindow.h">
      <Filter>Header Files</Filter>
    </ClInclude>
    <ClInclude Include="CCmpnRegistWindow.h">
      <Filter>Header Files</Filter>
    </ClInclude>
    <ClInclude Include="CCompanyData.h">
      <Filter>Header Files</Filter>
    </ClInclude>
    <ClInclude Include="CSkillRegistWindow.h">
      <Filter>Header Files</Filter>
    </ClInclude>
    <ClInclude Include="CUserRegistWindow.h">
      <Filter>Header Files</Filter>
    </ClInclude>
  </ItemGroup>
  <ItemGroup>
    <ClCompile Include="MFCSample.cpp">
      <Filter>Source Files</Filter>
    </ClCompile>
    <ClCompile Include="stdafx.cpp">
      <Filter>Source Files</Filter>
    </ClCompile>
    <ClCompile Include="CLOGIN.cpp">
      <Filter>Source Files</Filter>
    </ClCompile>
    <ClCompile Include="CDBAccess.cpp">
      <Filter>Source Files</Filter>
    </ClCompile>
    <ClCompile Include="CMainWindow.cpp">
      <Filter>Source Files</Filter>
    </ClCompile>
    <ClCompile Include="CUserWindow.cpp">
      <Filter>Source Files</Filter>
    </ClCompile>
    <ClCompile Include="CUserData.cpp">
      <Filter>Source Files</Filter>
    </ClCompile>
    <ClCompile Include="CCmpWindow.cpp">
      <Filter>Source Files</Filter>
    </ClCompile>
    <ClCompile Include="CSkillWindow.cpp">
      <Filter>Source Files</Filter>
    </ClCompile>
    <ClCompile Include="CAnkenRegistWindow.cpp">
      <Filter>Source Files</Filter>
    </ClCompile>
    <ClCompile Include="CAnkenListWindow.cpp">
      <Filter>Source Files</Filter>
    </ClCompile>
    <ClCompile Include="CAnkenReadWindow.cpp">
      <Filter>Source Files</Filter>
    </ClCompile>
    <ClCompile Include="CProjectSearchData.cpp">
      <Filter>Source Files</Filter>
    </ClCompile>
    <ClCompile Include="CProjectData.cpp">
      <Filter>Source Files</Filter>
    </ClCompile>
    <ClCompile Include="CAnkenDetailWindow.cpp">
      <Filter>Source Files</Filter>
    </ClCompile>
    <ClCompile Include="CCmpData.cpp">
      <Filter>Source Files</Filter>
    </ClCompile>
    <ClCompile Include="CSkillData.cpp">
      <Filter>Source Files</Filter>
    </ClCompile>
    <ClCompile Include="CSkillSelectWindow.cpp">
      <Filter>Source Files</Filter>
    </ClCompile>
    <ClCompile Include="CAnkenSearchWindow.cpp">
      <Filter>Source Files</Filter>
    </ClCompile>
    <ClCompile Include="CCmpnRegistWindow.cpp">
      <Filter>Source Files</Filter>
    </ClCompile>
    <ClCompile Include="CCompanyData.cpp">
      <Filter>Source Files</Filter>
    </ClCompile>
    <ClCompile Include="CSkillRegistWindow.cpp">
      <Filter>Source Files</Filter>
    </ClCompile>
    <ClCompile Include="CUserRegistWindow.cpp">
      <Filter>Source Files</Filter>
    </ClCompile>
  </ItemGroup>
  <ItemGroup>
    <ResourceCompile Include="MFCSample.rc">
      <Filter>Resource Files</Filter>
    </ResourceCompile>
  </ItemGroup>
  <ItemGroup>
    <None Include="res\MFCSample.rc2">
      <Filter>Resource Files</Filter>
    </None>
  </ItemGroup>
  <ItemGroup>
    <Image Include="res\MFCSample.ico">
      <Filter>Resource Files</Filter>
    </Image>
    <Image Include="res\Toolbar.bmp">
      <Filter>Resource Files</Filter>
    </Image>
    <Image Include="res\icon1.ico">
      <Filter>Resource Files</Filter>
    </Image>
  </ItemGroup>
</Project>